// !$*UTF8*$!
{
	archiveVersion = 1;
	classes = {
	};
	objectVersion = 46;
	objects = {

/* Begin PBXBuildFile section */
		C018BA061DA2FE64009706F9 /* Toast.swift in Sources */ = {isa = PBXBuildFile; fileRef = C018BA051DA2FE64009706F9 /* Toast.swift */; };
		C7175A9C1D31683700788F09 /* AppDelegate.swift in Sources */ = {isa = PBXBuildFile; fileRef = C7175A9B1D31683700788F09 /* AppDelegate.swift */; };
		C7175AA11D31683700788F09 /* Main.storyboard in Resources */ = {isa = PBXBuildFile; fileRef = C7175A9F1D31683700788F09 /* Main.storyboard */; };
		C7175AA31D31683700788F09 /* Assets.xcassets in Resources */ = {isa = PBXBuildFile; fileRef = C7175AA21D31683700788F09 /* Assets.xcassets */; };
		C7175AA61D31683700788F09 /* LaunchScreen.storyboard in Resources */ = {isa = PBXBuildFile; fileRef = C7175AA41D31683700788F09 /* LaunchScreen.storyboard */; };
		C7175AAF1D31690900788F09 /* WeatherTabBarVC.swift in Sources */ = {isa = PBXBuildFile; fileRef = C7175AAE1D31690900788F09 /* WeatherTabBarVC.swift */; };
		C7175AB61D31698700788F09 /* DailyBreakdown.swift in Sources */ = {isa = PBXBuildFile; fileRef = C7175AB11D31698700788F09 /* DailyBreakdown.swift */; };
		C7175AB71D31698700788F09 /* HourBreakdown.swift in Sources */ = {isa = PBXBuildFile; fileRef = C7175AB21D31698700788F09 /* HourBreakdown.swift */; };
		C7175AB81D31698700788F09 /* MinuteBreakdown.swift in Sources */ = {isa = PBXBuildFile; fileRef = C7175AB31D31698700788F09 /* MinuteBreakdown.swift */; };
		C7175AB91D31698700788F09 /* Weather.swift in Sources */ = {isa = PBXBuildFile; fileRef = C7175AB41D31698700788F09 /* Weather.swift */; };
		C7175ABA1D31698700788F09 /* WeatherStats.swift in Sources */ = {isa = PBXBuildFile; fileRef = C7175AB51D31698700788F09 /* WeatherStats.swift */; };
		C7175ABE1D3169CB00788F09 /* GlobalConstants.swift in Sources */ = {isa = PBXBuildFile; fileRef = C7175ABD1D3169CB00788F09 /* GlobalConstants.swift */; };
		C7175AC11D316A0600788F09 /* GetWeatherData.swift in Sources */ = {isa = PBXBuildFile; fileRef = C7175AC01D316A0600788F09 /* GetWeatherData.swift */; };
		C7175AC41D316A3D00788F09 /* DailyWeatherCell.swift in Sources */ = {isa = PBXBuildFile; fileRef = C7175AC31D316A3D00788F09 /* DailyWeatherCell.swift */; };
		C7175AC81D316A6A00788F09 /* sample_data_cippenham.json in Resources */ = {isa = PBXBuildFile; fileRef = C7175AC61D316A6A00788F09 /* sample_data_cippenham.json */; };
		C7175AC91D316A6A00788F09 /* sample_data_cippenham2.json in Resources */ = {isa = PBXBuildFile; fileRef = C7175AC71D316A6A00788F09 /* sample_data_cippenham2.json */; };
		C7175ACE1D316CCC00788F09 /* BaseWeatherVC.swift in Sources */ = {isa = PBXBuildFile; fileRef = C7175ACB1D316CCC00788F09 /* BaseWeatherVC.swift */; };
		C7175ACF1D316CCC00788F09 /* DailyTabVC.swift in Sources */ = {isa = PBXBuildFile; fileRef = C7175ACC1D316CCC00788F09 /* DailyTabVC.swift */; };
		C7175AD01D316CCC00788F09 /* TodayTabVC.swift in Sources */ = {isa = PBXBuildFile; fileRef = C7175ACD1D316CCC00788F09 /* TodayTabVC.swift */; };
		C730B9D71DAE3A5900872532 /* UIDeviceHardware.m in Sources */ = {isa = PBXBuildFile; fileRef = C730B9D61DAE3A5900872532 /* UIDeviceHardware.m */; };
		C73F89801DAE355C009FCC30 /* UIDeviceHardware.swift in Sources */ = {isa = PBXBuildFile; fileRef = C73F897F1DAE355C009FCC30 /* UIDeviceHardware.swift */; };
		C74B946B1D40131100BECDA3 /* InfoPopupViewController.swift in Sources */ = {isa = PBXBuildFile; fileRef = C74B946A1D40131100BECDA3 /* InfoPopupViewController.swift */; };
		C74B946D1D4023B100BECDA3 /* AboutViewController.swift in Sources */ = {isa = PBXBuildFile; fileRef = C74B946C1D4023B100BECDA3 /* AboutViewController.swift */; };
		C74B946F1D40284700BECDA3 /* SettingsViewController.swift in Sources */ = {isa = PBXBuildFile; fileRef = C74B946E1D40284700BECDA3 /* SettingsViewController.swift */; };
		C770BD9F1D351E11007AD275 /* WeatherAlerts.swift in Sources */ = {isa = PBXBuildFile; fileRef = C770BD9E1D351E11007AD275 /* WeatherAlerts.swift */; };
		C7A4D7291DB7603000754F20 /* Reachability.swift in Sources */ = {isa = PBXBuildFile; fileRef = C7A4D7281DB7603000754F20 /* Reachability.swift */; };
		C7BE8B5D1D73948F00491F58 /* HourlyWeatherCell.swift in Sources */ = {isa = PBXBuildFile; fileRef = C7BE8B5C1D73948F00491F58 /* HourlyWeatherCell.swift */; };
		C7C437601D79651B00A6386D /* HourlyWeatherCVCell.swift in Sources */ = {isa = PBXBuildFile; fileRef = C7C4375F1D79651B00A6386D /* HourlyWeatherCVCell.swift */; };
		C7C437621D79850200A6386D /* Location.swift in Sources */ = {isa = PBXBuildFile; fileRef = C7C437611D79850200A6386D /* Location.swift */; };
		C7C437641D798EDC00A6386D /* Utility.swift in Sources */ = {isa = PBXBuildFile; fileRef = C7C437631D798EDC00A6386D /* Utility.swift */; };
		C7F712051D78746000B4404D /* HourWeatherCell.swift in Sources */ = {isa = PBXBuildFile; fileRef = C7F712041D78746000B4404D /* HourWeatherCell.swift */; };
		C7FC062A1D75C76200B6280B /* ParentWeatherVC.swift in Sources */ = {isa = PBXBuildFile; fileRef = C7FC06291D75C76200B6280B /* ParentWeatherVC.swift */; };
		C7FC062C1D75C82F00B6280B /* WeatherSegmentedControl.swift in Sources */ = {isa = PBXBuildFile; fileRef = C7FC062B1D75C82F00B6280B /* WeatherSegmentedControl.swift */; };
/* End PBXBuildFile section */

/* Begin PBXFileReference section */
		C018BA051DA2FE64009706F9 /* Toast.swift */ = {isa = PBXFileReference; fileEncoding = 4; lastKnownFileType = sourcecode.swift; path = Toast.swift; sourceTree = "<group>"; };
		C7175A981D31683700788F09 /* MGWeather.app */ = {isa = PBXFileReference; explicitFileType = wrapper.application; includeInIndex = 0; path = MGWeather.app; sourceTree = BUILT_PRODUCTS_DIR; };
		C7175A9B1D31683700788F09 /* AppDelegate.swift */ = {isa = PBXFileReference; lastKnownFileType = sourcecode.swift; path = AppDelegate.swift; sourceTree = "<group>"; };
		C7175AA01D31683700788F09 /* Base */ = {isa = PBXFileReference; lastKnownFileType = file.storyboard; name = Base; path = Base.lproj/Main.storyboard; sourceTree = "<group>"; };
		C7175AA21D31683700788F09 /* Assets.xcassets */ = {isa = PBXFileReference; lastKnownFileType = folder.assetcatalog; path = Assets.xcassets; sourceTree = "<group>"; };
		C7175AA51D31683700788F09 /* Base */ = {isa = PBXFileReference; lastKnownFileType = file.storyboard; name = Base; path = Base.lproj/LaunchScreen.storyboard; sourceTree = "<group>"; };
		C7175AA71D31683700788F09 /* Info.plist */ = {isa = PBXFileReference; lastKnownFileType = text.plist.xml; path = Info.plist; sourceTree = "<group>"; };
		C7175AAE1D31690900788F09 /* WeatherTabBarVC.swift */ = {isa = PBXFileReference; fileEncoding = 4; lastKnownFileType = sourcecode.swift; path = WeatherTabBarVC.swift; sourceTree = "<group>"; };
		C7175AB11D31698700788F09 /* DailyBreakdown.swift */ = {isa = PBXFileReference; fileEncoding = 4; lastKnownFileType = sourcecode.swift; path = DailyBreakdown.swift; sourceTree = "<group>"; };
		C7175AB21D31698700788F09 /* HourBreakdown.swift */ = {isa = PBXFileReference; fileEncoding = 4; lastKnownFileType = sourcecode.swift; path = HourBreakdown.swift; sourceTree = "<group>"; };
		C7175AB31D31698700788F09 /* MinuteBreakdown.swift */ = {isa = PBXFileReference; fileEncoding = 4; lastKnownFileType = sourcecode.swift; path = MinuteBreakdown.swift; sourceTree = "<group>"; };
		C7175AB41D31698700788F09 /* Weather.swift */ = {isa = PBXFileReference; fileEncoding = 4; lastKnownFileType = sourcecode.swift; path = Weather.swift; sourceTree = "<group>"; };
		C7175AB51D31698700788F09 /* WeatherStats.swift */ = {isa = PBXFileReference; fileEncoding = 4; lastKnownFileType = sourcecode.swift; path = WeatherStats.swift; sourceTree = "<group>"; };
		C7175ABD1D3169CB00788F09 /* GlobalConstants.swift */ = {isa = PBXFileReference; fileEncoding = 4; lastKnownFileType = sourcecode.swift; path = GlobalConstants.swift; sourceTree = "<group>"; };
		C7175AC01D316A0600788F09 /* GetWeatherData.swift */ = {isa = PBXFileReference; fileEncoding = 4; lastKnownFileType = sourcecode.swift; path = GetWeatherData.swift; sourceTree = "<group>"; };
		C7175AC31D316A3D00788F09 /* DailyWeatherCell.swift */ = {isa = PBXFileReference; fileEncoding = 4; lastKnownFileType = sourcecode.swift; path = DailyWeatherCell.swift; sourceTree = "<group>"; };
		C7175AC61D316A6A00788F09 /* sample_data_cippenham.json */ = {isa = PBXFileReference; fileEncoding = 4; lastKnownFileType = text.json; path = sample_data_cippenham.json; sourceTree = "<group>"; };
		C7175AC71D316A6A00788F09 /* sample_data_cippenham2.json */ = {isa = PBXFileReference; fileEncoding = 4; lastKnownFileType = text.json; path = sample_data_cippenham2.json; sourceTree = "<group>"; };
		C7175ACB1D316CCC00788F09 /* BaseWeatherVC.swift */ = {isa = PBXFileReference; fileEncoding = 4; lastKnownFileType = sourcecode.swift; path = BaseWeatherVC.swift; sourceTree = "<group>"; };
		C7175ACC1D316CCC00788F09 /* DailyTabVC.swift */ = {isa = PBXFileReference; fileEncoding = 4; lastKnownFileType = sourcecode.swift; path = DailyTabVC.swift; sourceTree = "<group>"; };
		C7175ACD1D316CCC00788F09 /* TodayTabVC.swift */ = {isa = PBXFileReference; fileEncoding = 4; lastKnownFileType = sourcecode.swift; path = TodayTabVC.swift; sourceTree = "<group>"; };
		C730B9D41DAE3A5900872532 /* MGWeather-Bridging-Header.h */ = {isa = PBXFileReference; lastKnownFileType = sourcecode.c.h; path = "MGWeather-Bridging-Header.h"; sourceTree = "<group>"; };
		C730B9D51DAE3A5900872532 /* UIDeviceHardware.h */ = {isa = PBXFileReference; fileEncoding = 4; lastKnownFileType = sourcecode.c.h; path = UIDeviceHardware.h; sourceTree = "<group>"; };
		C730B9D61DAE3A5900872532 /* UIDeviceHardware.m */ = {isa = PBXFileReference; fileEncoding = 4; lastKnownFileType = sourcecode.c.objc; path = UIDeviceHardware.m; sourceTree = "<group>"; };
		C73F897F1DAE355C009FCC30 /* UIDeviceHardware.swift */ = {isa = PBXFileReference; fileEncoding = 4; lastKnownFileType = sourcecode.swift; path = UIDeviceHardware.swift; sourceTree = "<group>"; };
		C74B946A1D40131100BECDA3 /* InfoPopupViewController.swift */ = {isa = PBXFileReference; fileEncoding = 4; lastKnownFileType = sourcecode.swift; path = InfoPopupViewController.swift; sourceTree = "<group>"; };
		C74B946C1D4023B100BECDA3 /* AboutViewController.swift */ = {isa = PBXFileReference; fileEncoding = 4; lastKnownFileType = sourcecode.swift; path = AboutViewController.swift; sourceTree = "<group>"; };
		C74B946E1D40284700BECDA3 /* SettingsViewController.swift */ = {isa = PBXFileReference; fileEncoding = 4; lastKnownFileType = sourcecode.swift; path = SettingsViewController.swift; sourceTree = "<group>"; };
		C770BD9E1D351E11007AD275 /* WeatherAlerts.swift */ = {isa = PBXFileReference; fileEncoding = 4; lastKnownFileType = sourcecode.swift; path = WeatherAlerts.swift; sourceTree = "<group>"; };
		C7A4D7281DB7603000754F20 /* Reachability.swift */ = {isa = PBXFileReference; fileEncoding = 4; lastKnownFileType = sourcecode.swift; path = Reachability.swift; sourceTree = "<group>"; };
		C7BE8B5C1D73948F00491F58 /* HourlyWeatherCell.swift */ = {isa = PBXFileReference; fileEncoding = 4; lastKnownFileType = sourcecode.swift; path = HourlyWeatherCell.swift; sourceTree = "<group>"; };
		C7C4375F1D79651B00A6386D /* HourlyWeatherCVCell.swift */ = {isa = PBXFileReference; fileEncoding = 4; lastKnownFileType = sourcecode.swift; path = HourlyWeatherCVCell.swift; sourceTree = "<group>"; };
		C7C437611D79850200A6386D /* Location.swift */ = {isa = PBXFileReference; fileEncoding = 4; lastKnownFileType = sourcecode.swift; path = Location.swift; sourceTree = "<group>"; };
		C7C437631D798EDC00A6386D /* Utility.swift */ = {isa = PBXFileReference; fileEncoding = 4; lastKnownFileType = sourcecode.swift; path = Utility.swift; sourceTree = "<group>"; };
		C7F712041D78746000B4404D /* HourWeatherCell.swift */ = {isa = PBXFileReference; fileEncoding = 4; lastKnownFileType = sourcecode.swift; path = HourWeatherCell.swift; sourceTree = "<group>"; };
		C7FC06291D75C76200B6280B /* ParentWeatherVC.swift */ = {isa = PBXFileReference; fileEncoding = 4; lastKnownFileType = sourcecode.swift; path = ParentWeatherVC.swift; sourceTree = "<group>"; };
		C7FC062B1D75C82F00B6280B /* WeatherSegmentedControl.swift */ = {isa = PBXFileReference; fileEncoding = 4; lastKnownFileType = sourcecode.swift; path = WeatherSegmentedControl.swift; sourceTree = "<group>"; };
/* End PBXFileReference section */

/* Begin PBXFrameworksBuildPhase section */
		C7175A951D31683700788F09 /* Frameworks */ = {
			isa = PBXFrameworksBuildPhase;
			buildActionMask = 2147483647;
			files = (
			);
			runOnlyForDeploymentPostprocessing = 0;
		};
/* End PBXFrameworksBuildPhase section */

/* Begin PBXGroup section */
		C018BA041DA2FE02009706F9 /* Toast */ = {
			isa = PBXGroup;
			children = (
				C018BA051DA2FE64009706F9 /* Toast.swift */,
			);
			name = Toast;
			sourceTree = "<group>";
		};
		C7175A8F1D31683700788F09 = {
			isa = PBXGroup;
			children = (
				C7175A9A1D31683700788F09 /* MGWeather */,
				C7175A991D31683700788F09 /* Products */,
			);
			sourceTree = "<group>";
		};
		C7175A991D31683700788F09 /* Products */ = {
			isa = PBXGroup;
			children = (
				C7175A981D31683700788F09 /* MGWeather.app */,
			);
			name = Products;
			sourceTree = "<group>";
		};
		C7175A9A1D31683700788F09 /* MGWeather */ = {
			isa = PBXGroup;
			children = (
				C730B9D31DAE3A1600872532 /* ObjC */,
				C73F897E1DAE3527009FCC30 /* Utils */,
				C018BA041DA2FE02009706F9 /* Toast */,
				C7175ACA1D316AEB00788F09 /* Storyboards */,
				C7175AC51D316A5200788F09 /* Sample JSON */,
				C7175AC21D316A1D00788F09 /* TableViewCell */,
				C7175ABF1D3169E300788F09 /* REST */,
				C7175ABC1D3169BA00788F09 /* Constants */,
				C7175AB01D31692A00788F09 /* Model */,
				C7175AAD1D3168CE00788F09 /* ViewControllers */,
				C7175A9B1D31683700788F09 /* AppDelegate.swift */,
				C7175AA21D31683700788F09 /* Assets.xcassets */,
				C7175AA71D31683700788F09 /* Info.plist */,
			);
			path = MGWeather;
			sourceTree = "<group>";
		};
		C7175AAD1D3168CE00788F09 /* ViewControllers */ = {
			isa = PBXGroup;
			children = (
				C7FC06291D75C76200B6280B /* ParentWeatherVC.swift */,
				C7FC062B1D75C82F00B6280B /* WeatherSegmentedControl.swift */,
				C7175ACB1D316CCC00788F09 /* BaseWeatherVC.swift */,
				C7175ACD1D316CCC00788F09 /* TodayTabVC.swift */,
				C7175ACC1D316CCC00788F09 /* DailyTabVC.swift */,
				C7175AAE1D31690900788F09 /* WeatherTabBarVC.swift */,
				C74B946A1D40131100BECDA3 /* InfoPopupViewController.swift */,
				C74B946E1D40284700BECDA3 /* SettingsViewController.swift */,
				C74B946C1D4023B100BECDA3 /* AboutViewController.swift */,
			);
			name = ViewControllers;
			sourceTree = "<group>";
		};
		C7175AB01D31692A00788F09 /* Model */ = {
			isa = PBXGroup;
			children = (
				C7175AB11D31698700788F09 /* DailyBreakdown.swift */,
				C7175AB21D31698700788F09 /* HourBreakdown.swift */,
				C7175AB31D31698700788F09 /* MinuteBreakdown.swift */,
				C7175AB41D31698700788F09 /* Weather.swift */,
				C7175AB51D31698700788F09 /* WeatherStats.swift */,
				C770BD9E1D351E11007AD275 /* WeatherAlerts.swift */,
				C7C437611D79850200A6386D /* Location.swift */,
			);
			name = Model;
			sourceTree = "<group>";
		};
		C7175ABC1D3169BA00788F09 /* Constants */ = {
			isa = PBXGroup;
			children = (
				C7175ABD1D3169CB00788F09 /* GlobalConstants.swift */,
				C7C437631D798EDC00A6386D /* Utility.swift */,
			);
			name = Constants;
			sourceTree = "<group>";
		};
		C7175ABF1D3169E300788F09 /* REST */ = {
			isa = PBXGroup;
			children = (
				C7175AC01D316A0600788F09 /* GetWeatherData.swift */,
			);
			name = REST;
			sourceTree = "<group>";
		};
		C7175AC21D316A1D00788F09 /* TableViewCell */ = {
			isa = PBXGroup;
			children = (
				C7175AC31D316A3D00788F09 /* DailyWeatherCell.swift */,
				C7BE8B5C1D73948F00491F58 /* HourlyWeatherCell.swift */,
				C7F712041D78746000B4404D /* HourWeatherCell.swift */,
				C7C4375F1D79651B00A6386D /* HourlyWeatherCVCell.swift */,
			);
			name = TableViewCell;
			sourceTree = "<group>";
		};
		C7175AC51D316A5200788F09 /* Sample JSON */ = {
			isa = PBXGroup;
			children = (
				C7175AC61D316A6A00788F09 /* sample_data_cippenham.json */,
				C7175AC71D316A6A00788F09 /* sample_data_cippenham2.json */,
			);
			name = "Sample JSON";
			sourceTree = "<group>";
		};
		C7175ACA1D316AEB00788F09 /* Storyboards */ = {
			isa = PBXGroup;
			children = (
				C7175A9F1D31683700788F09 /* Main.storyboard */,
				C7175AA41D31683700788F09 /* LaunchScreen.storyboard */,
			);
			name = Storyboards;
			sourceTree = "<group>";
		};
		C730B9D31DAE3A1600872532 /* ObjC */ = {
			isa = PBXGroup;
			children = (
				C730B9D51DAE3A5900872532 /* UIDeviceHardware.h */,
				C730B9D61DAE3A5900872532 /* UIDeviceHardware.m */,
				C730B9D41DAE3A5900872532 /* MGWeather-Bridging-Header.h */,
			);
			name = ObjC;
			sourceTree = "<group>";
		};
		C73F897E1DAE3527009FCC30 /* Utils */ = {
			isa = PBXGroup;
			children = (
				C73F897F1DAE355C009FCC30 /* UIDeviceHardware.swift */,
				C7A4D7281DB7603000754F20 /* Reachability.swift */,
			);
			name = Utils;
			sourceTree = "<group>";
		};
/* End PBXGroup section */

/* Begin PBXNativeTarget section */
		C7175A971D31683700788F09 /* MGWeather */ = {
			isa = PBXNativeTarget;
			buildConfigurationList = C7175AAA1D31683700788F09 /* Build configuration list for PBXNativeTarget "MGWeather" */;
			buildPhases = (
				C7175A941D31683700788F09 /* Sources */,
				C7175A951D31683700788F09 /* Frameworks */,
				C7175A961D31683700788F09 /* Resources */,
			);
			buildRules = (
			);
			dependencies = (
			);
			name = MGWeather;
			productName = MGWeather;
			productReference = C7175A981D31683700788F09 /* MGWeather.app */;
			productType = "com.apple.product-type.application";
		};
/* End PBXNativeTarget section */

/* Begin PBXProject section */
		C7175A901D31683700788F09 /* Project object */ = {
			isa = PBXProject;
			attributes = {
				LastSwiftUpdateCheck = 0730;
				LastUpgradeCheck = 0730;
				ORGANIZATIONNAME = britishairways;
				TargetAttributes = {
					C7175A971D31683700788F09 = {
						CreatedOnToolsVersion = 7.3.1;
						DevelopmentTeam = SCV8CWA773;
						LastSwiftMigration = 0800;
					};
				};
			};
			buildConfigurationList = C7175A931D31683700788F09 /* Build configuration list for PBXProject "MGWeather" */;
			compatibilityVersion = "Xcode 3.2";
			developmentRegion = English;
			hasScannedForEncodings = 0;
			knownRegions = (
				en,
				Base,
			);
			mainGroup = C7175A8F1D31683700788F09;
			productRefGroup = C7175A991D31683700788F09 /* Products */;
			projectDirPath = "";
			projectRoot = "";
			targets = (
				C7175A971D31683700788F09 /* MGWeather */,
			);
		};
/* End PBXProject section */

/* Begin PBXResourcesBuildPhase section */
		C7175A961D31683700788F09 /* Resources */ = {
			isa = PBXResourcesBuildPhase;
			buildActionMask = 2147483647;
			files = (
				C7175AA61D31683700788F09 /* LaunchScreen.storyboard in Resources */,
				C7175AC81D316A6A00788F09 /* sample_data_cippenham.json in Resources */,
				C7175AA31D31683700788F09 /* Assets.xcassets in Resources */,
				C7175AC91D316A6A00788F09 /* sample_data_cippenham2.json in Resources */,
				C7175AA11D31683700788F09 /* Main.storyboard in Resources */,
			);
			runOnlyForDeploymentPostprocessing = 0;
		};
/* End PBXResourcesBuildPhase section */

/* Begin PBXSourcesBuildPhase section */
		C7175A941D31683700788F09 /* Sources */ = {
			isa = PBXSourcesBuildPhase;
			buildActionMask = 2147483647;
			files = (
				C7175ACE1D316CCC00788F09 /* BaseWeatherVC.swift in Sources */,
				C7BE8B5D1D73948F00491F58 /* HourlyWeatherCell.swift in Sources */,
				C7FC062A1D75C76200B6280B /* ParentWeatherVC.swift in Sources */,
				C7175AC11D316A0600788F09 /* GetWeatherData.swift in Sources */,
				C7175A9C1D31683700788F09 /* AppDelegate.swift in Sources */,
				C7175AB81D31698700788F09 /* MinuteBreakdown.swift in Sources */,
				C7175AB71D31698700788F09 /* HourBreakdown.swift in Sources */,
				C770BD9F1D351E11007AD275 /* WeatherAlerts.swift in Sources */,
				C7175AC41D316A3D00788F09 /* DailyWeatherCell.swift in Sources */,
				C7FC062C1D75C82F00B6280B /* WeatherSegmentedControl.swift in Sources */,
				C7C437641D798EDC00A6386D /* Utility.swift in Sources */,
				C7C437621D79850200A6386D /* Location.swift in Sources */,
				C7175ACF1D316CCC00788F09 /* DailyTabVC.swift in Sources */,
				C7175AB61D31698700788F09 /* DailyBreakdown.swift in Sources */,
				C7A4D7291DB7603000754F20 /* Reachability.swift in Sources */,
				C7175AB91D31698700788F09 /* Weather.swift in Sources */,
				C73F89801DAE355C009FCC30 /* UIDeviceHardware.swift in Sources */,
				C7F712051D78746000B4404D /* HourWeatherCell.swift in Sources */,
				C7175ABA1D31698700788F09 /* WeatherStats.swift in Sources */,
				C7175ABE1D3169CB00788F09 /* GlobalConstants.swift in Sources */,
				C74B946F1D40284700BECDA3 /* SettingsViewController.swift in Sources */,
				C7175AAF1D31690900788F09 /* WeatherTabBarVC.swift in Sources */,
				C730B9D71DAE3A5900872532 /* UIDeviceHardware.m in Sources */,
				C74B946B1D40131100BECDA3 /* InfoPopupViewController.swift in Sources */,
				C74B946D1D4023B100BECDA3 /* AboutViewController.swift in Sources */,
				C018BA061DA2FE64009706F9 /* Toast.swift in Sources */,
				C7C437601D79651B00A6386D /* HourlyWeatherCVCell.swift in Sources */,
				C7175AD01D316CCC00788F09 /* TodayTabVC.swift in Sources */,
			);
			runOnlyForDeploymentPostprocessing = 0;
		};
/* End PBXSourcesBuildPhase section */

/* Begin PBXVariantGroup section */
		C7175A9F1D31683700788F09 /* Main.storyboard */ = {
			isa = PBXVariantGroup;
			children = (
				C7175AA01D31683700788F09 /* Base */,
			);
			name = Main.storyboard;
			sourceTree = "<group>";
		};
		C7175AA41D31683700788F09 /* LaunchScreen.storyboard */ = {
			isa = PBXVariantGroup;
			children = (
				C7175AA51D31683700788F09 /* Base */,
			);
			name = LaunchScreen.storyboard;
			sourceTree = "<group>";
		};
/* End PBXVariantGroup section */

/* Begin XCBuildConfiguration section */
		C7175AA81D31683700788F09 /* Debug */ = {
			isa = XCBuildConfiguration;
			buildSettings = {
				ALWAYS_SEARCH_USER_PATHS = NO;
				CLANG_ANALYZER_NONNULL = YES;
				CLANG_CXX_LANGUAGE_STANDARD = "gnu++0x";
				CLANG_CXX_LIBRARY = "libc++";
				CLANG_ENABLE_MODULES = YES;
				CLANG_ENABLE_OBJC_ARC = YES;
				CLANG_WARN_BOOL_CONVERSION = YES;
				CLANG_WARN_CONSTANT_CONVERSION = YES;
				CLANG_WARN_DIRECT_OBJC_ISA_USAGE = YES_ERROR;
				CLANG_WARN_EMPTY_BODY = YES;
				CLANG_WARN_ENUM_CONVERSION = YES;
				CLANG_WARN_INT_CONVERSION = YES;
				CLANG_WARN_OBJC_ROOT_CLASS = YES_ERROR;
				CLANG_WARN_UNREACHABLE_CODE = YES;
				CLANG_WARN__DUPLICATE_METHOD_MATCH = YES;
				"CODE_SIGN_IDENTITY[sdk=iphoneos*]" = "iPhone Developer";
				COPY_PHASE_STRIP = NO;
				DEBUG_INFORMATION_FORMAT = dwarf;
				ENABLE_STRICT_OBJC_MSGSEND = YES;
				ENABLE_TESTABILITY = YES;
				GCC_C_LANGUAGE_STANDARD = gnu99;
				GCC_DYNAMIC_NO_PIC = NO;
				GCC_NO_COMMON_BLOCKS = YES;
				GCC_OPTIMIZATION_LEVEL = 0;
				GCC_PREPROCESSOR_DEFINITIONS = (
					"DEBUG=1",
					"$(inherited)",
				);
				GCC_WARN_64_TO_32_BIT_CONVERSION = YES;
				GCC_WARN_ABOUT_RETURN_TYPE = YES_ERROR;
				GCC_WARN_UNDECLARED_SELECTOR = YES;
				GCC_WARN_UNINITIALIZED_AUTOS = YES_AGGRESSIVE;
				GCC_WARN_UNUSED_FUNCTION = YES;
				GCC_WARN_UNUSED_VARIABLE = YES;
				IPHONEOS_DEPLOYMENT_TARGET = 9.3;
				MTL_ENABLE_DEBUG_INFO = YES;
				ONLY_ACTIVE_ARCH = YES;
				SDKROOT = iphoneos;
				SWIFT_OPTIMIZATION_LEVEL = "-Onone";
			};
			name = Debug;
		};
		C7175AA91D31683700788F09 /* Release */ = {
			isa = XCBuildConfiguration;
			buildSettings = {
				ALWAYS_SEARCH_USER_PATHS = NO;
				CLANG_ANALYZER_NONNULL = YES;
				CLANG_CXX_LANGUAGE_STANDARD = "gnu++0x";
				CLANG_CXX_LIBRARY = "libc++";
				CLANG_ENABLE_MODULES = YES;
				CLANG_ENABLE_OBJC_ARC = YES;
				CLANG_WARN_BOOL_CONVERSION = YES;
				CLANG_WARN_CONSTANT_CONVERSION = YES;
				CLANG_WARN_DIRECT_OBJC_ISA_USAGE = YES_ERROR;
				CLANG_WARN_EMPTY_BODY = YES;
				CLANG_WARN_ENUM_CONVERSION = YES;
				CLANG_WARN_INT_CONVERSION = YES;
				CLANG_WARN_OBJC_ROOT_CLASS = YES_ERROR;
				CLANG_WARN_UNREACHABLE_CODE = YES;
				CLANG_WARN__DUPLICATE_METHOD_MATCH = YES;
				"CODE_SIGN_IDENTITY[sdk=iphoneos*]" = "iPhone Developer";
				COPY_PHASE_STRIP = NO;
				DEBUG_INFORMATION_FORMAT = "dwarf-with-dsym";
				ENABLE_NS_ASSERTIONS = NO;
				ENABLE_STRICT_OBJC_MSGSEND = YES;
				GCC_C_LANGUAGE_STANDARD = gnu99;
				GCC_NO_COMMON_BLOCKS = YES;
				GCC_WARN_64_TO_32_BIT_CONVERSION = YES;
				GCC_WARN_ABOUT_RETURN_TYPE = YES_ERROR;
				GCC_WARN_UNDECLARED_SELECTOR = YES;
				GCC_WARN_UNINITIALIZED_AUTOS = YES_AGGRESSIVE;
				GCC_WARN_UNUSED_FUNCTION = YES;
				GCC_WARN_UNUSED_VARIABLE = YES;
				IPHONEOS_DEPLOYMENT_TARGET = 9.3;
				MTL_ENABLE_DEBUG_INFO = NO;
				SDKROOT = iphoneos;
				VALIDATE_PRODUCT = YES;
			};
			name = Release;
		};
		C7175AAB1D31683700788F09 /* Debug */ = {
			isa = XCBuildConfiguration;
			buildSettings = {
				ASSETCATALOG_COMPILER_APPICON_NAME = AppIcon;
				CLANG_ENABLE_MODULES = YES;
				DEVELOPMENT_TEAM = SCV8CWA773;
				INFOPLIST_FILE = MGWeather/Info.plist;
				LD_RUNPATH_SEARCH_PATHS = "$(inherited) @executable_path/Frameworks";
				PRODUCT_BUNDLE_IDENTIFIER = com.MGSoft.MGWeather;
				PRODUCT_NAME = "$(TARGET_NAME)";
				SWIFT_OBJC_BRIDGING_HEADER = "MGWeather/MGWeather-Bridging-Header.h";
				SWIFT_OPTIMIZATION_LEVEL = "-Onone";
				SWIFT_VERSION = 3.0;
			};
			name = Debug;
		};
		C7175AAC1D31683700788F09 /* Release */ = {
			isa = XCBuildConfiguration;
			buildSettings = {
				ASSETCATALOG_COMPILER_APPICON_NAME = AppIcon;
				CLANG_ENABLE_MODULES = YES;
				DEVELOPMENT_TEAM = SCV8CWA773;
				INFOPLIST_FILE = MGWeather/Info.plist;
				LD_RUNPATH_SEARCH_PATHS = "$(inherited) @executable_path/Frameworks";
				PRODUCT_BUNDLE_IDENTIFIER = com.MGSoft.MGWeather;
				PRODUCT_NAME = "$(TARGET_NAME)";
				SWIFT_OBJC_BRIDGING_HEADER = "MGWeather/MGWeather-Bridging-Header.h";
				SWIFT_VERSION = 3.0;
			};
			name = Release;
		};
/* End XCBuildConfiguration section */

/* Begin XCConfigurationList section */
		C7175A931D31683700788F09 /* Build configuration list for PBXProject "MGWeather" */ = {
			isa = XCConfigurationList;
			buildConfigurations = (
				C7175AA81D31683700788F09 /* Debug */,
				C7175AA91D31683700788F09 /* Release */,
			);
			defaultConfigurationIsVisible = 0;
			defaultConfigurationName = Release;
		};
		C7175AAA1D31683700788F09 /* Build configuration list for PBXNativeTarget "MGWeather" */ = {
			isa = XCConfigurationList;
			buildConfigurations = (
				C7175AAB1D31683700788F09 /* Debug */,
				C7175AAC1D31683700788F09 /* Release */,
			);
			defaultConfigurationIsVisible = 0;
			defaultConfigurationName = Release;
		};
/* End XCConfigurationList section */
	};
	rootObject = C7175A901D31683700788F09 /* Project object */;
}
